// !$*UTF8*$!
{
	archiveVersion = 1;
	classes = {
	};
	objectVersion = 56;
	objects = {

/* Begin PBXBuildFile section */
		E2777B932BB74908005B21D3 /* SpendModel.swift in Sources */ = {isa = PBXBuildFile; fileRef = E2777B922BB74908005B21D3 /* SpendModel.swift */; };
		E2777B972BB74C9E005B21D3 /* SpendsViewModel.swift in Sources */ = {isa = PBXBuildFile; fileRef = E2777B962BB74C9E005B21D3 /* SpendsViewModel.swift */; };
		E28E7DA22BBD9C9C00964903 /* SettingsView.swift in Sources */ = {isa = PBXBuildFile; fileRef = E28E7DA12BBD9C9C00964903 /* SettingsView.swift */; };
		E28E7DA72BBF3E4C00964903 /* SpendDesign.swift in Sources */ = {isa = PBXBuildFile; fileRef = E28E7DA62BBF3E4C00964903 /* SpendDesign.swift */; };
		E28E7DA92BC1C9D600964903 /* SpendDetails.swift in Sources */ = {isa = PBXBuildFile; fileRef = E28E7DA82BC1C9D600964903 /* SpendDetails.swift */; };
		E29A672C2BA89488001CA2C1 /* MNYcheckerApp.swift in Sources */ = {isa = PBXBuildFile; fileRef = E29A672B2BA89488001CA2C1 /* MNYcheckerApp.swift */; };
		E29A672E2BA89488001CA2C1 /* SpendsView.swift in Sources */ = {isa = PBXBuildFile; fileRef = E29A672D2BA89488001CA2C1 /* SpendsView.swift */; };
		E29A67302BA8948A001CA2C1 /* Assets.xcassets in Resources */ = {isa = PBXBuildFile; fileRef = E29A672F2BA8948A001CA2C1 /* Assets.xcassets */; };
		E29A67332BA8948A001CA2C1 /* Preview Assets.xcassets in Resources */ = {isa = PBXBuildFile; fileRef = E29A67322BA8948A001CA2C1 /* Preview Assets.xcassets */; };
		E2D30CC92BE6EF64009F62C3 /* AddSpendView.swift in Sources */ = {isa = PBXBuildFile; fileRef = E2D30CC82BE6EF64009F62C3 /* AddSpendView.swift */; };
		E2D30CD12BE6F2EB009F62C3 /* TextFieldDesign.swift in Sources */ = {isa = PBXBuildFile; fileRef = E2D30CD02BE6F2EB009F62C3 /* TextFieldDesign.swift */; };
		E2E1269C2BED517F00A33EEE /* SpendsModel.xcdatamodeld in Sources */ = {isa = PBXBuildFile; fileRef = E2E1269A2BED517F00A33EEE /* SpendsModel.xcdatamodeld */; };
		E2E1269E2BED59D600A33EEE /* CoreDataManager.swift in Sources */ = {isa = PBXBuildFile; fileRef = E2E1269D2BED59D600A33EEE /* CoreDataManager.swift */; };
		E2E126AE2BF4FBD300A33EEE /* DonutChart.swift in Sources */ = {isa = PBXBuildFile; fileRef = E2E126AD2BF4FBD300A33EEE /* DonutChart.swift */; };
/* End PBXBuildFile section */

/* Begin PBXFileReference section */
		E2777B922BB74908005B21D3 /* SpendModel.swift */ = {isa = PBXFileReference; lastKnownFileType = sourcecode.swift; path = SpendModel.swift; sourceTree = "<group>"; };
		E2777B962BB74C9E005B21D3 /* SpendsViewModel.swift */ = {isa = PBXFileReference; lastKnownFileType = sourcecode.swift; name = SpendsViewModel.swift; path = MNYchecker/Applicataion/ViewModels/SpendsViewModel.swift; sourceTree = SOURCE_ROOT; };
		E28E7DA12BBD9C9C00964903 /* SettingsView.swift */ = {isa = PBXFileReference; lastKnownFileType = sourcecode.swift; path = SettingsView.swift; sourceTree = "<group>"; };
		E28E7DA62BBF3E4C00964903 /* SpendDesign.swift */ = {isa = PBXFileReference; lastKnownFileType = sourcecode.swift; path = SpendDesign.swift; sourceTree = "<group>"; };
		E28E7DA82BC1C9D600964903 /* SpendDetails.swift */ = {isa = PBXFileReference; lastKnownFileType = sourcecode.swift; path = SpendDetails.swift; sourceTree = "<group>"; };
		E29A67282BA89488001CA2C1 /* MNYchecker.app */ = {isa = PBXFileReference; explicitFileType = wrapper.application; includeInIndex = 0; path = MNYchecker.app; sourceTree = BUILT_PRODUCTS_DIR; };
		E29A672B2BA89488001CA2C1 /* MNYcheckerApp.swift */ = {isa = PBXFileReference; lastKnownFileType = sourcecode.swift; path = MNYcheckerApp.swift; sourceTree = "<group>"; };
		E29A672D2BA89488001CA2C1 /* SpendsView.swift */ = {isa = PBXFileReference; lastKnownFileType = sourcecode.swift; path = SpendsView.swift; sourceTree = "<group>"; };
		E29A672F2BA8948A001CA2C1 /* Assets.xcassets */ = {isa = PBXFileReference; lastKnownFileType = folder.assetcatalog; path = Assets.xcassets; sourceTree = "<group>"; };
		E29A67322BA8948A001CA2C1 /* Preview Assets.xcassets */ = {isa = PBXFileReference; lastKnownFileType = folder.assetcatalog; path = "Preview Assets.xcassets"; sourceTree = "<group>"; };
		E2D30CC82BE6EF64009F62C3 /* AddSpendView.swift */ = {isa = PBXFileReference; lastKnownFileType = sourcecode.swift; path = AddSpendView.swift; sourceTree = "<group>"; };
		E2D30CD02BE6F2EB009F62C3 /* TextFieldDesign.swift */ = {isa = PBXFileReference; fileEncoding = 4; lastKnownFileType = sourcecode.swift; path = TextFieldDesign.swift; sourceTree = "<group>"; };
		E2E1269B2BED517F00A33EEE /* SpendModel.xcdatamodel */ = {isa = PBXFileReference; lastKnownFileType = wrapper.xcdatamodel; path = SpendModel.xcdatamodel; sourceTree = "<group>"; };
		E2E1269D2BED59D600A33EEE /* CoreDataManager.swift */ = {isa = PBXFileReference; lastKnownFileType = sourcecode.swift; path = CoreDataManager.swift; sourceTree = "<group>"; };
		E2E126AD2BF4FBD300A33EEE /* DonutChart.swift */ = {isa = PBXFileReference; lastKnownFileType = sourcecode.swift; path = DonutChart.swift; sourceTree = "<group>"; };
/* End PBXFileReference section */

/* Begin PBXFrameworksBuildPhase section */
		E29A67252BA89488001CA2C1 /* Frameworks */ = {
			isa = PBXFrameworksBuildPhase;
			buildActionMask = 2147483647;
			files = (
			);
			runOnlyForDeploymentPostprocessing = 0;
		};
/* End PBXFrameworksBuildPhase section */

/* Begin PBXGroup section */
		E2777B8C2BB4CF5D005B21D3 /* Views */ = {
			isa = PBXGroup;
			children = (
				E29A672D2BA89488001CA2C1 /* SpendsView.swift */,
				E2D30CC82BE6EF64009F62C3 /* AddSpendView.swift */,
				E28E7DA12BBD9C9C00964903 /* SettingsView.swift */,
				E28E7DA82BC1C9D600964903 /* SpendDetails.swift */,
				E28E7DA32BBF3DED00964903 /* Components */,
			);
			path = Views;
			sourceTree = "<group>";
		};
		E2777B912BB74638005B21D3 /* Model */ = {
			isa = PBXGroup;
			children = (
				E2E1269A2BED517F00A33EEE /* SpendsModel.xcdatamodeld */,
				E2777B922BB74908005B21D3 /* SpendModel.swift */,
				E2E1269D2BED59D600A33EEE /* CoreDataManager.swift */,
			);
			path = Model;
			sourceTree = "<group>";
		};
		E2777B952BB74C81005B21D3 /* ViewModels */ = {
			isa = PBXGroup;
			children = (
				E2777B962BB74C9E005B21D3 /* SpendsViewModel.swift */,
			);
			path = ViewModels;
			sourceTree = "<group>";
		};
		E28E7DA32BBF3DED00964903 /* Components */ = {
			isa = PBXGroup;
			children = (
				E2D30CD02BE6F2EB009F62C3 /* TextFieldDesign.swift */,
				E28E7DA62BBF3E4C00964903 /* SpendDesign.swift */,
				E2E126AD2BF4FBD300A33EEE /* DonutChart.swift */,
			);
			path = Components;
			sourceTree = "<group>";
		};
		E29A671F2BA89488001CA2C1 = {
			isa = PBXGroup;
			children = (
				E29A672A2BA89488001CA2C1 /* MNYchecker */,
				E29A67292BA89488001CA2C1 /* Products */,
			);
			sourceTree = "<group>";
		};
		E29A67292BA89488001CA2C1 /* Products */ = {
			isa = PBXGroup;
			children = (
				E29A67282BA89488001CA2C1 /* MNYchecker.app */,
			);
			name = Products;
			sourceTree = "<group>";
		};
		E29A672A2BA89488001CA2C1 /* MNYchecker */ = {
			isa = PBXGroup;
			children = (
				E29A673C2BAB4ADF001CA2C1 /* Applicataion */,
				E29A673B2BAB4A91001CA2C1 /* Resources */,
				E29A67312BA8948A001CA2C1 /* Preview Content */,
			);
			path = MNYchecker;
			sourceTree = "<group>";
		};
		E29A67312BA8948A001CA2C1 /* Preview Content */ = {
			isa = PBXGroup;
			children = (
				E29A67322BA8948A001CA2C1 /* Preview Assets.xcassets */,
			);
			path = "Preview Content";
			sourceTree = "<group>";
		};
		E29A673B2BAB4A91001CA2C1 /* Resources */ = {
			isa = PBXGroup;
			children = (
				E29A672F2BA8948A001CA2C1 /* Assets.xcassets */,
			);
			path = Resources;
			sourceTree = "<group>";
		};
		E29A673C2BAB4ADF001CA2C1 /* Applicataion */ = {
			isa = PBXGroup;
			children = (
				E29A672B2BA89488001CA2C1 /* MNYcheckerApp.swift */,
				E2777B8C2BB4CF5D005B21D3 /* Views */,
				E2777B952BB74C81005B21D3 /* ViewModels */,
				E2777B912BB74638005B21D3 /* Model */,
			);
			path = Applicataion;
			sourceTree = "<group>";
		};
/* End PBXGroup section */

/* Begin PBXNativeTarget section */
		E29A67272BA89488001CA2C1 /* MNYchecker */ = {
			isa = PBXNativeTarget;
			buildConfigurationList = E29A67362BA8948A001CA2C1 /* Build configuration list for PBXNativeTarget "MNYchecker" */;
			buildPhases = (
				E29A67242BA89488001CA2C1 /* Sources */,
				E29A67252BA89488001CA2C1 /* Frameworks */,
				E29A67262BA89488001CA2C1 /* Resources */,
			);
			buildRules = (
			);
			dependencies = (
			);
			name = MNYchecker;
			productName = MNYchecker;
			productReference = E29A67282BA89488001CA2C1 /* MNYchecker.app */;
			productType = "com.apple.product-type.application";
		};
/* End PBXNativeTarget section */

/* Begin PBXProject section */
		E29A67202BA89488001CA2C1 /* Project object */ = {
			isa = PBXProject;
			attributes = {
				BuildIndependentTargetsInParallel = 1;
				LastSwiftUpdateCheck = 1430;
				LastUpgradeCheck = 1430;
				TargetAttributes = {
					E29A67272BA89488001CA2C1 = {
						CreatedOnToolsVersion = 14.3.1;
					};
				};
			};
			buildConfigurationList = E29A67232BA89488001CA2C1 /* Build configuration list for PBXProject "MNYchecker" */;
			compatibilityVersion = "Xcode 14.0";
			developmentRegion = en;
			hasScannedForEncodings = 0;
			knownRegions = (
				en,
				Base,
			);
			mainGroup = E29A671F2BA89488001CA2C1;
			productRefGroup = E29A67292BA89488001CA2C1 /* Products */;
			projectDirPath = "";
			projectRoot = "";
			targets = (
				E29A67272BA89488001CA2C1 /* MNYchecker */,
			);
		};
/* End PBXProject section */

/* Begin PBXResourcesBuildPhase section */
		E29A67262BA89488001CA2C1 /* Resources */ = {
			isa = PBXResourcesBuildPhase;
			buildActionMask = 2147483647;
			files = (
				E29A67332BA8948A001CA2C1 /* Preview Assets.xcassets in Resources */,
				E29A67302BA8948A001CA2C1 /* Assets.xcassets in Resources */,
			);
			runOnlyForDeploymentPostprocessing = 0;
		};
/* End PBXResourcesBuildPhase section */

/* Begin PBXSourcesBuildPhase section */
		E29A67242BA89488001CA2C1 /* Sources */ = {
			isa = PBXSourcesBuildPhase;
			buildActionMask = 2147483647;
			files = (
				E2777B972BB74C9E005B21D3 /* SpendsViewModel.swift in Sources */,
				E2777B932BB74908005B21D3 /* SpendModel.swift in Sources */,
				E2E126AE2BF4FBD300A33EEE /* DonutChart.swift in Sources */,
				E29A672E2BA89488001CA2C1 /* SpendsView.swift in Sources */,
				E2D30CC92BE6EF64009F62C3 /* AddSpendView.swift in Sources */,
				E28E7DA72BBF3E4C00964903 /* SpendDesign.swift in Sources */,
				E28E7DA22BBD9C9C00964903 /* SettingsView.swift in Sources */,
				E2E1269C2BED517F00A33EEE /* SpendsModel.xcdatamodeld in Sources */,
				E2D30CD12BE6F2EB009F62C3 /* TextFieldDesign.swift in Sources */,
				E28E7DA92BC1C9D600964903 /* SpendDetails.swift in Sources */,
				E29A672C2BA89488001CA2C1 /* MNYcheckerApp.swift in Sources */,
				E2E1269E2BED59D600A33EEE /* CoreDataManager.swift in Sources */,
			);
			runOnlyForDeploymentPostprocessing = 0;
		};
/* End PBXSourcesBuildPhase section */

/* Begin XCBuildConfiguration section */
		E29A67342BA8948A001CA2C1 /* Debug */ = {
			isa = XCBuildConfiguration;
			buildSettings = {
				ALWAYS_SEARCH_USER_PATHS = NO;
				CLANG_ANALYZER_NONNULL = YES;
				CLANG_ANALYZER_NUMBER_OBJECT_CONVERSION = YES_AGGRESSIVE;
				CLANG_CXX_LANGUAGE_STANDARD = "gnu++20";
				CLANG_ENABLE_MODULES = YES;
				CLANG_ENABLE_OBJC_ARC = YES;
				CLANG_ENABLE_OBJC_WEAK = YES;
				CLANG_WARN_BLOCK_CAPTURE_AUTORELEASING = YES;
				CLANG_WARN_BOOL_CONVERSION = YES;
				CLANG_WARN_COMMA = YES;
				CLANG_WARN_CONSTANT_CONVERSION = YES;
				CLANG_WARN_DEPRECATED_OBJC_IMPLEMENTATIONS = YES;
				CLANG_WARN_DIRECT_OBJC_ISA_USAGE = YES_ERROR;
				CLANG_WARN_DOCUMENTATION_COMMENTS = YES;
				CLANG_WARN_EMPTY_BODY = YES;
				CLANG_WARN_ENUM_CONVERSION = YES;
				CLANG_WARN_INFINITE_RECURSION = YES;
				CLANG_WARN_INT_CONVERSION = YES;
				CLANG_WARN_NON_LITERAL_NULL_CONVERSION = YES;
				CLANG_WARN_OBJC_IMPLICIT_RETAIN_SELF = YES;
				CLANG_WARN_OBJC_LITERAL_CONVERSION = YES;
				CLANG_WARN_OBJC_ROOT_CLASS = YES_ERROR;
				CLANG_WARN_QUOTED_INCLUDE_IN_FRAMEWORK_HEADER = YES;
				CLANG_WARN_RANGE_LOOP_ANALYSIS = YES;
				CLANG_WARN_STRICT_PROTOTYPES = YES;
				CLANG_WARN_SUSPICIOUS_MOVE = YES;
				CLANG_WARN_UNGUARDED_AVAILABILITY = YES_AGGRESSIVE;
				CLANG_WARN_UNREACHABLE_CODE = YES;
				CLANG_WARN__DUPLICATE_METHOD_MATCH = YES;
				COPY_PHASE_STRIP = NO;
				DEBUG_INFORMATION_FORMAT = dwarf;
				ENABLE_STRICT_OBJC_MSGSEND = YES;
				ENABLE_TESTABILITY = YES;
				GCC_C_LANGUAGE_STANDARD = gnu11;
				GCC_DYNAMIC_NO_PIC = NO;
				GCC_NO_COMMON_BLOCKS = YES;
				GCC_OPTIMIZATION_LEVEL = 0;
				GCC_PREPROCESSOR_DEFINITIONS = (
					"DEBUG=1",
					"$(inherited)",
				);
				GCC_WARN_64_TO_32_BIT_CONVERSION = YES;
				GCC_WARN_ABOUT_RETURN_TYPE = YES_ERROR;
				GCC_WARN_UNDECLARED_SELECTOR = YES;
				GCC_WARN_UNINITIALIZED_AUTOS = YES_AGGRESSIVE;
				GCC_WARN_UNUSED_FUNCTION = YES;
				GCC_WARN_UNUSED_VARIABLE = YES;
				IPHONEOS_DEPLOYMENT_TARGET = 16.4;
				MTL_ENABLE_DEBUG_INFO = INCLUDE_SOURCE;
				MTL_FAST_MATH = YES;
				ONLY_ACTIVE_ARCH = YES;
				SDKROOT = iphoneos;
				SWIFT_ACTIVE_COMPILATION_CONDITIONS = DEBUG;
				SWIFT_OPTIMIZATION_LEVEL = "-Onone";
			};
			name = Debug;
		};
		E29A67352BA8948A001CA2C1 /* Release */ = {
			isa = XCBuildConfiguration;
			buildSettings = {
				ALWAYS_SEARCH_USER_PATHS = NO;
				CLANG_ANALYZER_NONNULL = YES;
				CLANG_ANALYZER_NUMBER_OBJECT_CONVERSION = YES_AGGRESSIVE;
				CLANG_CXX_LANGUAGE_STANDARD = "gnu++20";
				CLANG_ENABLE_MODULES = YES;
				CLANG_ENABLE_OBJC_ARC = YES;
				CLANG_ENABLE_OBJC_WEAK = YES;
				CLANG_WARN_BLOCK_CAPTURE_AUTORELEASING = YES;
				CLANG_WARN_BOOL_CONVERSION = YES;
				CLANG_WARN_COMMA = YES;
				CLANG_WARN_CONSTANT_CONVERSION = YES;
				CLANG_WARN_DEPRECATED_OBJC_IMPLEMENTATIONS = YES;
				CLANG_WARN_DIRECT_OBJC_ISA_USAGE = YES_ERROR;
				CLANG_WARN_DOCUMENTATION_COMMENTS = YES;
				CLANG_WARN_EMPTY_BODY = YES;
				CLANG_WARN_ENUM_CONVERSION = YES;
				CLANG_WARN_INFINITE_RECURSION = YES;
				CLANG_WARN_INT_CONVERSION = YES;
				CLANG_WARN_NON_LITERAL_NULL_CONVERSION = YES;
				CLANG_WARN_OBJC_IMPLICIT_RETAIN_SELF = YES;
				CLANG_WARN_OBJC_LITERAL_CONVERSION = YES;
				CLANG_WARN_OBJC_ROOT_CLASS = YES_ERROR;
				CLANG_WARN_QUOTED_INCLUDE_IN_FRAMEWORK_HEADER = YES;
				CLANG_WARN_RANGE_LOOP_ANALYSIS = YES;
				CLANG_WARN_STRICT_PROTOTYPES = YES;
				CLANG_WARN_SUSPICIOUS_MOVE = YES;
				CLANG_WARN_UNGUARDED_AVAILABILITY = YES_AGGRESSIVE;
				CLANG_WARN_UNREACHABLE_CODE = YES;
				CLANG_WARN__DUPLICATE_METHOD_MATCH = YES;
				COPY_PHASE_STRIP = NO;
				DEBUG_INFORMATION_FORMAT = "dwarf-with-dsym";
				ENABLE_NS_ASSERTIONS = NO;
				ENABLE_STRICT_OBJC_MSGSEND = YES;
				GCC_C_LANGUAGE_STANDARD = gnu11;
				GCC_NO_COMMON_BLOCKS = YES;
				GCC_WARN_64_TO_32_BIT_CONVERSION = YES;
				GCC_WARN_ABOUT_RETURN_TYPE = YES_ERROR;
				GCC_WARN_UNDECLARED_SELECTOR = YES;
				GCC_WARN_UNINITIALIZED_AUTOS = YES_AGGRESSIVE;
				GCC_WARN_UNUSED_FUNCTION = YES;
				GCC_WARN_UNUSED_VARIABLE = YES;
				IPHONEOS_DEPLOYMENT_TARGET = 16.4;
				MTL_ENABLE_DEBUG_INFO = NO;
				MTL_FAST_MATH = YES;
				SDKROOT = iphoneos;
				SWIFT_COMPILATION_MODE = wholemodule;
				SWIFT_OPTIMIZATION_LEVEL = "-O";
				VALIDATE_PRODUCT = YES;
			};
			name = Release;
		};
		E29A67372BA8948A001CA2C1 /* Debug */ = {
			isa = XCBuildConfiguration;
			buildSettings = {
				ASSETCATALOG_COMPILER_APPICON_NAME = AppIcon;
				ASSETCATALOG_COMPILER_GLOBAL_ACCENT_COLOR_NAME = AccentColor;
				CODE_SIGN_STYLE = Automatic;
				CURRENT_PROJECT_VERSION = 1;
				DEVELOPMENT_ASSET_PATHS = "\"MNYchecker/Preview Content\"";
				DEVELOPMENT_TEAM = P8AS9474FG;
				ENABLE_PREVIEWS = YES;
				GENERATE_INFOPLIST_FILE = YES;
				INFOPLIST_FILE = "";
				INFOPLIST_KEY_UIApplicationSceneManifest_Generation = YES;
				INFOPLIST_KEY_UIApplicationSupportsIndirectInputEvents = YES;
				INFOPLIST_KEY_UILaunchScreen_Generation = YES;
				INFOPLIST_KEY_UIStatusBarStyle = "";
				INFOPLIST_KEY_UISupportedInterfaceOrientations = UIInterfaceOrientationPortrait;
				INFOPLIST_KEY_UISupportedInterfaceOrientations_iPad = "UIInterfaceOrientationPortrait UIInterfaceOrientationPortraitUpsideDown";
				LD_RUNPATH_SEARCH_PATHS = (
					"$(inherited)",
					"@executable_path/Frameworks",
				);
				MARKETING_VERSION = 1.0;
				PRODUCT_BUNDLE_IDENTIFIER = savakotsur.MNYchecker;
				PRODUCT_NAME = "$(TARGET_NAME)";
				SWIFT_EMIT_LOC_STRINGS = YES;
				SWIFT_VERSION = 5.0;
				TARGETED_DEVICE_FAMILY = "1,2";
			};
			name = Debug;
		};
		E29A67382BA8948A001CA2C1 /* Release */ = {
			isa = XCBuildConfiguration;
			buildSettings = {
				ASSETCATALOG_COMPILER_APPICON_NAME = AppIcon;
				ASSETCATALOG_COMPILER_GLOBAL_ACCENT_COLOR_NAME = AccentColor;
				CODE_SIGN_STYLE = Automatic;
				CURRENT_PROJECT_VERSION = 1;
				DEVELOPMENT_ASSET_PATHS = "\"MNYchecker/Preview Content\"";
				DEVELOPMENT_TEAM = P8AS9474FG;
				ENABLE_PREVIEWS = YES;
				GENERATE_INFOPLIST_FILE = YES;
				INFOPLIST_FILE = "";
				INFOPLIST_KEY_UIApplicationSceneManifest_Generation = YES;
				INFOPLIST_KEY_UIApplicationSupportsIndirectInputEvents = YES;
				INFOPLIST_KEY_UILaunchScreen_Generation = YES;
				INFOPLIST_KEY_UIStatusBarStyle = "";
				INFOPLIST_KEY_UISupportedInterfaceOrientations = UIInterfaceOrientationPortrait;
				INFOPLIST_KEY_UISupportedInterfaceOrientations_iPad = "UIInterfaceOrientationPortrait UIInterfaceOrientationPortraitUpsideDown";
				LD_RUNPATH_SEARCH_PATHS = (
					"$(inherited)",
					"@executable_path/Frameworks",
				);
				MARKETING_VERSION = 1.0;
				PRODUCT_BUNDLE_IDENTIFIER = savakotsur.MNYchecker;
				PRODUCT_NAME = "$(TARGET_NAME)";
				SWIFT_EMIT_LOC_STRINGS = YES;
				SWIFT_VERSION = 5.0;
				TARGETED_DEVICE_FAMILY = "1,2";
			};
			name = Release;
		};
/* End XCBuildConfiguration section */

/* Begin XCConfigurationList section */
		E29A67232BA89488001CA2C1 /* Build configuration list for PBXProject "MNYchecker" */ = {
			isa = XCConfigurationList;
			buildConfigurations = (
				E29A67342BA8948A001CA2C1 /* Debug */,
				E29A67352BA8948A001CA2C1 /* Release */,
			);
			defaultConfigurationIsVisible = 0;
			defaultConfigurationName = Release;
		};
		E29A67362BA8948A001CA2C1 /* Build configuration list for PBXNativeTarget "MNYchecker" */ = {
			isa = XCConfigurationList;
			buildConfigurations = (
				E29A67372BA8948A001CA2C1 /* Debug */,
				E29A67382BA8948A001CA2C1 /* Release */,
			);
			defaultConfigurationIsVisible = 0;
			defaultConfigurationName = Release;
		};
/* End XCConfigurationList section */

/* Begin XCVersionGroup section */
		E2E1269A2BED517F00A33EEE /* SpendsModel.xcdatamodeld */ = {
			isa = XCVersionGroup;
			children = (
				E2E1269B2BED517F00A33EEE /* SpendModel.xcdatamodel */,
			);
			currentVersion = E2E1269B2BED517F00A33EEE /* SpendModel.xcdatamodel */;
			path = SpendsModel.xcdatamodeld;
			sourceTree = "<group>";
			versionGroupType = wrapper.xcdatamodel;
		};
/* End XCVersionGroup section */
	};
	rootObject = E29A67202BA89488001CA2C1 /* Project object */;
}
